
Microsoft Visual Studio Solution File, Format Version 11.00
# Visual Studio 2010
Project("{2150E333-8FDC-42A3-9474-1A3956D46DE8}") = "Tops10", "Tops10", "{4ABF8217-79DD-4807-9038-02F906595394}"
EndProject
Project("{2150E333-8FDC-42A3-9474-1A3956D46DE8}") = "Tools", "Tools", "{39477DDC-59AF-4620-B43F-908A02DC5184}"
EndProject
Project("{2150E333-8FDC-42A3-9474-1A3956D46DE8}") = "klad", "klad", "{AE1B708B-8E5C-493A-A15C-A998DF021AE3}"
	ProjectSection(SolutionItems) = preProject
		klad\_DiagList.txt = klad\_DiagList.txt
		klad\dakaa.sav.asc = klad\dakaa.sav.asc
		klad\dakaa.seq = klad\dakaa.seq
		klad\dakaa.txt = klad\dakaa.txt
		klad\dakab.sav.asc = klad\dakab.sav.asc
		klad\dakab.seq = klad\dakab.seq
		klad\dakab.txt = klad\dakab.txt
		klad\dakac.sav.asc = klad\dakac.sav.asc
		klad\dakac.seq = klad\dakac.seq
		klad\dakac.txt = klad\dakac.txt
		klad\dakad.sav.asc = klad\dakad.sav.asc
		klad\dakad.seq = klad\dakad.seq
		klad\dakad.txt = klad\dakad.txt
		klad\dakae.sav.asc = klad\dakae.sav.asc
		klad\dakae.seq = klad\dakae.seq
		klad\dakae.txt = klad\dakae.txt
		klad\dakaf.sav.asc = klad\dakaf.sav.asc
		klad\dakaf.seq = klad\dakaf.seq
		klad\dakaf.txt = klad\dakaf.txt
		klad\dakag.sav.asc = klad\dakag.sav.asc
		klad\dakag.seq = klad\dakag.seq
		klad\dakag.txt = klad\dakag.txt
		klad\dakah.sav.asc = klad\dakah.sav.asc
		klad\dakah.seq = klad\dakah.seq
		klad\dakah.txt = klad\dakah.txt
		klad\dakai.sav.asc = klad\dakai.sav.asc
		klad\dakai.seq = klad\dakai.seq
		klad\dakai.txt = klad\dakai.txt
		klad\dakaj.sav.asc = klad\dakaj.sav.asc
		klad\dakaj.seq = klad\dakaj.seq
		klad\dakaj.txt = klad\dakaj.txt
		klad\dakak.sav.asc = klad\dakak.sav.asc
		klad\dakak.seq = klad\dakak.seq
		klad\dakak.txt = klad\dakak.txt
		klad\dakal.sav.asc = klad\dakal.sav.asc
		klad\dakal.seq = klad\dakal.seq
		klad\dakal.txt = klad\dakal.txt
		klad\dakam.sav.asc = klad\dakam.sav.asc
		klad\dakam.seq = klad\dakam.seq
		klad\dakam.txt = klad\dakam.txt
		klad\dakba.sav.asc = klad\dakba.sav.asc
		klad\dakba.seq = klad\dakba.seq
		klad\dakba.txt = klad\dakba.txt
		klad\dakbb.sav.asc = klad\dakbb.sav.asc
		klad\dakbb.seq = klad\dakbb.seq
		klad\dakbb.txt = klad\dakbb.txt
		klad\dakbc.sav.asc = klad\dakbc.sav.asc
		klad\dakbc.seq = klad\dakbc.seq
		klad\dakbc.txt = klad\dakbc.txt
		klad\dakbd.sav.asc = klad\dakbd.sav.asc
		klad\dakbd.seq = klad\dakbd.seq
		klad\dakbd.txt = klad\dakbd.txt
		klad\dakca.sav.asc = klad\dakca.sav.asc
		klad\dakca.seq = klad\dakca.seq
		klad\dakca.txt = klad\dakca.txt
		klad\dakcb.sav.asc = klad\dakcb.sav.asc
		klad\dakcb.seq = klad\dakcb.seq
		klad\dakcb.txt = klad\dakcb.txt
		klad\dakda.sav.asc = klad\dakda.sav.asc
		klad\dakda.seq = klad\dakda.seq
		klad\dakda.txt = klad\dakda.txt
		klad\dakdb.sav.asc = klad\dakdb.sav.asc
		klad\dakdb.seq = klad\dakdb.seq
		klad\dakdb.txt = klad\dakdb.txt
		klad\dbkaa.sav.asc = klad\dbkaa.sav.asc
		klad\dbkaa.seq = klad\dbkaa.seq
		klad\dbkaa.txt = klad\dbkaa.txt
		klad\dbkab.sav.asc = klad\dbkab.sav.asc
		klad\dbkab.seq = klad\dbkab.seq
		klad\dbkab.txt = klad\dbkab.txt
		klad\dbkad.sav.asc = klad\dbkad.sav.asc
		klad\dbkad.seq = klad\dbkad.seq
		klad\dbkad.txt = klad\dbkad.txt
		klad\dbkae.sav.asc = klad\dbkae.sav.asc
		klad\dbkae.seq = klad\dbkae.seq
		klad\dbkae.txt = klad\dbkae.txt
		klad\dbkaf.sav.asc = klad\dbkaf.sav.asc
		klad\dbkaf.seq = klad\dbkaf.seq
		klad\dbkaf.txt = klad\dbkaf.txt
		klad\dbkag.sav.asc = klad\dbkag.sav.asc
		klad\dbkag.seq = klad\dbkag.seq
		klad\dbkag.txt = klad\dbkag.txt
		klad\dbkah.sav.asc = klad\dbkah.sav.asc
		klad\dbkah.seq = klad\dbkah.seq
		klad\dbkah.txt = klad\dbkah.txt
		klad\dbkai.sav.asc = klad\dbkai.sav.asc
		klad\dbkai.seq = klad\dbkai.seq
		klad\dbkai.txt = klad\dbkai.txt
		klad\dbkaj.sav.asc = klad\dbkaj.sav.asc
		klad\dbkaj.txt = klad\dbkaj.txt
		klad\dbkak.sav.asc = klad\dbkak.sav.asc
		klad\dbkak.seq = klad\dbkak.seq
		klad\dbkak.txt = klad\dbkak.txt
		klad\dbkal.sav.asc = klad\dbkal.sav.asc
		klad\dbkal.seq = klad\dbkal.seq
		klad\dbkal.txt = klad\dbkal.txt
		klad\dbkam.sav.asc = klad\dbkam.sav.asc
		klad\dbkam.seq = klad\dbkam.seq
		klad\dbkam.txt = klad\dbkam.txt
		klad\dbkba.sav.asc = klad\dbkba.sav.asc
		klad\dbkba.seq = klad\dbkba.seq
		klad\dbkba.txt = klad\dbkba.txt
		klad\dbkbb.sav.asc = klad\dbkbb.sav.asc
		klad\dbkbc.sav.asc = klad\dbkbc.sav.asc
		klad\dbkbc.txt = klad\dbkbc.txt
		klad\dbkbd.sav.asc = klad\dbkbd.sav.asc
		klad\dbkbd.seq = klad\dbkbd.seq
		klad\dbkca.sav.asc = klad\dbkca.sav.asc
		klad\dbkca.seq = klad\dbkca.seq
		klad\dbkca.txt = klad\dbkca.txt
		klad\dbkcc.sav.asc = klad\dbkcc.sav.asc
		klad\dbkcc.seq = klad\dbkcc.seq
		klad\dbkcc.txt = klad\dbkcc.txt
		klad\dbkcd.sav.asc = klad\dbkcd.sav.asc
		klad\dbkcd.seq = klad\dbkcd.seq
		klad\dbkcd.txt = klad\dbkcd.txt
		klad\dbkce.sav.asc = klad\dbkce.sav.asc
		klad\dbkce.seq = klad\dbkce.seq
		klad\dbkce.txt = klad\dbkce.txt
		klad\dbkda.sav.asc = klad\dbkda.sav.asc
		klad\dbkda.seq = klad\dbkda.seq
		klad\dbkda.txt = klad\dbkda.txt
		klad\dbkdb.sav.asc = klad\dbkdb.sav.asc
		klad\dbkdb.seq = klad\dbkdb.seq
		klad\dbkdb.txt = klad\dbkdb.txt
		klad\dbkdc.txt = klad\dbkdc.txt
		klad\dfkaa.sav.asc = klad\dfkaa.sav.asc
		klad\dfkaa.seq = klad\dfkaa.seq
		klad\dfkaa.txt = klad\dfkaa.txt
		klad\dfkad.sav.asc = klad\dfkad.sav.asc
		klad\dfkad.seq = klad\dfkad.seq
		klad\dfkad.txt = klad\dfkad.txt
		klad\dfkbb.sav.asc = klad\dfkbb.sav.asc
		klad\dfkbb.seq = klad\dfkbb.seq
		klad\dfkbb.txt = klad\dfkbb.txt
		klad\dfkca.sav.asc = klad\dfkca.sav.asc
		klad\dfkca.seq = klad\dfkca.seq
		klad\dfkca.txt = klad\dfkca.txt
		klad\dfkcb.sav.asc = klad\dfkcb.sav.asc
		klad\dfkcb.seq = klad\dfkcb.seq
		klad\dfkcb.txt = klad\dfkcb.txt
		klad\dfkcc.sav.asc = klad\dfkcc.sav.asc
		klad\dfkcc.seq = klad\dfkcc.seq
		klad\dfkcc.txt = klad\dfkcc.txt
		klad\dfkda.sav.asc = klad\dfkda.sav.asc
		klad\dfkda.seq = klad\dfkda.seq
		klad\dfkda.txt = klad\dfkda.txt
		klad\dfkea.sav.asc = klad\dfkea.sav.asc
		klad\dfkea.seq = klad\dfkea.seq
		klad\dfkea.txt = klad\dfkea.txt
		klad\dfkeb.blo = klad\dfkeb.blo
		klad\dfkeb.crf = klad\dfkeb.crf
		klad\dfkeb.sav.asc = klad\dfkeb.sav.asc
		klad\dfkeb.seq = klad\dfkeb.seq
		klad\dfkebd.txt = klad\dfkebd.txt
		klad\dfkec.sav.asc = klad\dfkec.sav.asc
		klad\dfkec.seq = klad\dfkec.seq
		klad\dfkec.txt = klad\dfkec.txt
		klad\dfked.sav.asc = klad\dfked.sav.asc
		klad\dfked.seq = klad\dfked.seq
		klad\dfked.txt = klad\dfked.txt
		klad\diamon.exe.asc = klad\diamon.exe.asc
		klad\diamon.mac = klad\diamon.mac
		klad\diamon.sav.asc = klad\diamon.sav.asc
		klad\diamon.seq = klad\diamon.seq
		klad\diamon.txt = klad\diamon.txt
		klad\dskaa.sav.asc = klad\dskaa.sav.asc
		klad\dskaa.seq = klad\dskaa.seq
		klad\dskaa.txt = klad\dskaa.txt
		klad\dskab.sav.asc = klad\dskab.sav.asc
		klad\dskab.seq = klad\dskab.seq
		klad\dskab.txt = klad\dskab.txt
		klad\dskac.sav.asc = klad\dskac.sav.asc
		klad\dskac.seq = klad\dskac.seq
		klad\dskac.txt = klad\dskac.txt
		klad\dskad.sav.asc = klad\dskad.sav.asc
		klad\dskad.seq = klad\dskad.seq
		klad\dskad.txt = klad\dskad.txt
		klad\dskae.sav.asc = klad\dskae.sav.asc
		klad\dskae.seq = klad\dskae.seq
		klad\dskae.txt = klad\dskae.txt
		klad\dskaf.sav.asc = klad\dskaf.sav.asc
		klad\dskaf.seq = klad\dskaf.seq
		klad\dskaf.txt = klad\dskaf.txt
		klad\dskag.sav.asc = klad\dskag.sav.asc
		klad\dskag.seq = klad\dskag.seq
		klad\dskag.txt = klad\dskag.txt
		klad\dskah.sav.asc = klad\dskah.sav.asc
		klad\dskah.seq = klad\dskah.seq
		klad\dskah.txt = klad\dskah.txt
		klad\dskai.sav.asc = klad\dskai.sav.asc
		klad\dskai.seq = klad\dskai.seq
		klad\dskai.txt = klad\dskai.txt
		klad\dskaj.sav.asc = klad\dskaj.sav.asc
		klad\dskaj.seq = klad\dskaj.seq
		klad\dskaj.txt = klad\dskaj.txt
		klad\dskak.sav.asc = klad\dskak.sav.asc
		klad\dskak.seq = klad\dskak.seq
		klad\dskak.txt = klad\dskak.txt
		klad\dskal.sav.asc = klad\dskal.sav.asc
		klad\dskal.seq = klad\dskal.seq
		klad\dskal.txt = klad\dskal.txt
		klad\dskam.sav.asc = klad\dskam.sav.asc
		klad\dskam.seq = klad\dskam.seq
		klad\dskam.txt = klad\dskam.txt
		klad\dskba.sav.asc = klad\dskba.sav.asc
		klad\dskba.seq = klad\dskba.seq
		klad\dskba.txt = klad\dskba.txt
		klad\dskca.sav.asc = klad\dskca.sav.asc
		klad\dskca.seq = klad\dskca.seq
		klad\dskca.txt = klad\dskca.txt
		klad\dskcb.sav.asc = klad\dskcb.sav.asc
		klad\dskcb.seq = klad\dskcb.seq
		klad\dskcb.txt = klad\dskcb.txt
		klad\dskcc.sav.asc = klad\dskcc.sav.asc
		klad\dskcc.seq = klad\dskcc.seq
		klad\dskcc.txt = klad\dskcc.txt
		klad\dskcd.sav.asc = klad\dskcd.sav.asc
		klad\dskcd.seq = klad\dskcd.seq
		klad\dskcd.txt = klad\dskcd.txt
		klad\dskce.sav.asc = klad\dskce.sav.asc
		klad\dskce.seq = klad\dskce.seq
		klad\dskce.txt = klad\dskce.txt
		klad\dskcf.sav.asc = klad\dskcf.sav.asc
		klad\dskcf.seq = klad\dskcf.seq
		klad\dskcf.txt = klad\dskcf.txt
		klad\dskcg.sav.asc = klad\dskcg.sav.asc
		klad\dskcg.seq = klad\dskcg.seq
		klad\dskcg.txt = klad\dskcg.txt
		klad\dskda.sav.asc = klad\dskda.sav.asc
		klad\dskda.seq = klad\dskda.seq
		klad\dskda.txt = klad\dskda.txt
		klad\dskea.sav.asc = klad\dskea.sav.asc
		klad\dskea.seq = klad\dskea.seq
		klad\dskea.txt = klad\dskea.txt
		klad\dskeb.sav.asc = klad\dskeb.sav.asc
		klad\dskeb.seq = klad\dskeb.seq
		klad\dskebd.txt = klad\dskebd.txt
		klad\dskec.sav.asc = klad\dskec.sav.asc
		klad\dskec.seq = klad\dskec.seq
		klad\dskec.txt = klad\dskec.txt
		klad\dskfa.sav.asc = klad\dskfa.sav.asc
		klad\dskfa.seq = klad\dskfa.seq
		klad\dskfa.txt = klad\dskfa.txt
		klad\magmon.exe.asc = klad\magmon.exe.asc
		klad\magmon.sav.asc = klad\magmon.sav.asc
		klad\magmon.seq = klad\magmon.seq
		klad\magmon.txt = klad\magmon.txt
		klad\magtap.exe.asc = klad\magtap.exe.asc
		klad\magtap.hlp = klad\magtap.hlp
		klad\magtap.mta.asc = klad\magtap.mta.asc
		klad\magtap.rdi = klad\magtap.rdi
		klad\magtap.sav.asc = klad\magtap.sav.asc
		klad\magtap.seq = klad\magtap.seq
		klad\magtap.txt = klad\magtap.txt
		klad\mainkl.lpt = klad\mainkl.lpt
		klad\matrix.bak = klad\matrix.bak
		klad\matrix.dif = klad\matrix.dif
		klad\matrix.mem = klad\matrix.mem
		klad\matrix.rno = klad\matrix.rno
		klad\matrix.rno-old = klad\matrix.rno-old
	EndProjectSection
EndProject
Project("{2150E333-8FDC-42A3-9474-1A3956D46DE8}") = "Denc", "Denc", "{8B6BD57A-9254-4D9E-8539-263527D871DD}"
EndProject
Project("{2150E333-8FDC-42A3-9474-1A3956D46DE8}") = "Speculation", "Speculation", "{437ED3FB-D9B7-4D2D-A47C-75420D3C692C}"
EndProject
Project("{FAE04EC0-301F-11D3-BF4B-00C04F79EFBC}") = "ThirtySixBits", "ThirtySixBits\ThirtySixBits.csproj", "{C1258C0D-0D17-4AEA-B25D-AD348CD7B6BE}"
EndProject
Project("{FAE04EC0-301F-11D3-BF4B-00C04F79EFBC}") = "PDP10CPU", "PDP10CPU\PDP10CPU.csproj", "{3419D6B2-081C-4A2F-839F-039146D7CE0D}"
EndProject
Project("{FAE04EC0-301F-11D3-BF4B-00C04F79EFBC}") = "PDP11CPU", "PDP11CPU\PDP11CPU.csproj", "{5A424702-FBDF-4D83-889B-5283E7A6773D}"
EndProject
Project("{FAE04EC0-301F-11D3-BF4B-00C04F79EFBC}") = "EncDecTool", "EncDecTool\EncDecTool.csproj", "{7D71EA54-98C5-464C-884D-FFA96CD0BC06}"
EndProject
Project("{FAE04EC0-301F-11D3-BF4B-00C04F79EFBC}") = "PDP10GraphicalFrontEnd", "PDP10GraphicalFrontEnd\PDP10GraphicalFrontEnd.csproj", "{78A3EFAA-3FC6-44E2-9821-B31B91A798C0}"
EndProject
Project("{FAE04EC0-301F-11D3-BF4B-00C04F79EFBC}") = "WPFConsoles", "WPFConsoles\WPFConsoles.csproj", "{40F7B4ED-F844-4883-BDF9-66E77982AE4C}"
EndProject
Project("{FAE04EC0-301F-11D3-BF4B-00C04F79EFBC}") = "FileFormats", "FileFormats\FileFormats.csproj", "{BB4CD029-0E97-437D-BB60-20433DC494D1}"
EndProject
Project("{FAE04EC0-301F-11D3-BF4B-00C04F79EFBC}") = "EnumMaker", "Tools\EnumMaker\EnumMaker.csproj", "{CABD548E-1C7E-4A8D-A320-CE79CF3D8BCB}"
EndProject
Project("{FAE04EC0-301F-11D3-BF4B-00C04F79EFBC}") = "Symbols", "Tops10\Symbols\Symbols.csproj", "{B840988C-3C20-4906-9CDA-37A1CADE6D01}"
EndProject
Project("{FAE04EC0-301F-11D3-BF4B-00C04F79EFBC}") = "Monitor", "Tops10\Monitor\Monitor.csproj", "{E47B8D46-BCE3-44E6-BD96-B14F3736D97C}"
EndProject
Project("{FAE04EC0-301F-11D3-BF4B-00C04F79EFBC}") = "CommandProcessor", "Tops10\CommandProcessor\CommandProcessor.csproj", "{55947228-1ACF-400A-B7D7-258BE642152B}"
EndProject
Project("{FAE04EC0-301F-11D3-BF4B-00C04F79EFBC}") = "UnitTestCPU", "UnitTestCPU\UnitTestCPU.csproj", "{C6A1BCA7-3FF2-4E16-ABC0-7BABE48FFDDB}"
EndProject
Project("{FAE04EC0-301F-11D3-BF4B-00C04F79EFBC}") = "UnitTests", "UnitTests\UnitTests.csproj", "{0BD0C94E-423C-48BE-B616-19EAE0DE28E6}"
EndProject
Project("{FAE04EC0-301F-11D3-BF4B-00C04F79EFBC}") = "EncDecGen", "EncDecGen\EncDecGen.csproj", "{8D870A67-3F67-4F7D-8889-E18B1959DF76}"
EndProject
Project("{FAE04EC0-301F-11D3-BF4B-00C04F79EFBC}") = "DencParser", "DencParser\DencParser.csproj", "{7016B4F9-2BB7-4D86-8B92-D4F2A3CC37F8}"
EndProject
Project("{FAE04EC0-301F-11D3-BF4B-00C04F79EFBC}") = "DencLanguage", "DencLanguage\DencLanguage.csproj", "{F112A50A-C1F1-4F72-A263-BE3770877B26}"
EndProject
Project("{FAE04EC0-301F-11D3-BF4B-00C04F79EFBC}") = "DencRuntime", "DencRuntime\DencRuntime.csproj", "{38CE8579-396C-4547-A7F7-F3A75452262C}"
EndProject
Project("{FAE04EC0-301F-11D3-BF4B-00C04F79EFBC}") = "DencTestParser", "DencTestParser\DencTestParser.csproj", "{4890437C-9440-4136-8218-C5F9FC3CF3C7}"
EndProject
Project("{FAE04EC0-301F-11D3-BF4B-00C04F79EFBC}") = "DencTestRuntime", "DencTestRuntime\DencTestRuntime.csproj", "{689936AD-4D91-4B37-ACB4-DE44ECD5AF33}"
EndProject
Global
	GlobalSection(SubversionScc) = preSolution
		Svn-Managed = True
		Manager = AnkhSVN - Subversion Support for Visual Studio
	EndGlobalSection
	GlobalSection(SolutionConfigurationPlatforms) = preSolution
		Debug|Any CPU = Debug|Any CPU
		Release|Any CPU = Release|Any CPU
	EndGlobalSection
	GlobalSection(ProjectConfigurationPlatforms) = postSolution
		{C1258C0D-0D17-4AEA-B25D-AD348CD7B6BE}.Debug|Any CPU.ActiveCfg = Debug|Any CPU
		{C1258C0D-0D17-4AEA-B25D-AD348CD7B6BE}.Debug|Any CPU.Build.0 = Debug|Any CPU
		{C1258C0D-0D17-4AEA-B25D-AD348CD7B6BE}.Release|Any CPU.ActiveCfg = Release|Any CPU
		{C1258C0D-0D17-4AEA-B25D-AD348CD7B6BE}.Release|Any CPU.Build.0 = Release|Any CPU
		{3419D6B2-081C-4A2F-839F-039146D7CE0D}.Debug|Any CPU.ActiveCfg = Debug|Any CPU
		{3419D6B2-081C-4A2F-839F-039146D7CE0D}.Debug|Any CPU.Build.0 = Debug|Any CPU
		{3419D6B2-081C-4A2F-839F-039146D7CE0D}.Release|Any CPU.ActiveCfg = Release|Any CPU
		{3419D6B2-081C-4A2F-839F-039146D7CE0D}.Release|Any CPU.Build.0 = Release|Any CPU
		{5A424702-FBDF-4D83-889B-5283E7A6773D}.Debug|Any CPU.ActiveCfg = Debug|Any CPU
		{5A424702-FBDF-4D83-889B-5283E7A6773D}.Debug|Any CPU.Build.0 = Debug|Any CPU
		{5A424702-FBDF-4D83-889B-5283E7A6773D}.Release|Any CPU.ActiveCfg = Release|Any CPU
		{5A424702-FBDF-4D83-889B-5283E7A6773D}.Release|Any CPU.Build.0 = Release|Any CPU
		{7D71EA54-98C5-464C-884D-FFA96CD0BC06}.Debug|Any CPU.ActiveCfg = Debug|Any CPU
		{7D71EA54-98C5-464C-884D-FFA96CD0BC06}.Debug|Any CPU.Build.0 = Debug|Any CPU
		{7D71EA54-98C5-464C-884D-FFA96CD0BC06}.Release|Any CPU.ActiveCfg = Release|Any CPU
		{7D71EA54-98C5-464C-884D-FFA96CD0BC06}.Release|Any CPU.Build.0 = Release|Any CPU
		{78A3EFAA-3FC6-44E2-9821-B31B91A798C0}.Debug|Any CPU.ActiveCfg = Debug|Any CPU
		{78A3EFAA-3FC6-44E2-9821-B31B91A798C0}.Debug|Any CPU.Build.0 = Debug|Any CPU
		{78A3EFAA-3FC6-44E2-9821-B31B91A798C0}.Release|Any CPU.ActiveCfg = Release|Any CPU
		{78A3EFAA-3FC6-44E2-9821-B31B91A798C0}.Release|Any CPU.Build.0 = Release|Any CPU
		{40F7B4ED-F844-4883-BDF9-66E77982AE4C}.Debug|Any CPU.ActiveCfg = Debug|Any CPU
		{40F7B4ED-F844-4883-BDF9-66E77982AE4C}.Debug|Any CPU.Build.0 = Debug|Any CPU
		{40F7B4ED-F844-4883-BDF9-66E77982AE4C}.Release|Any CPU.ActiveCfg = Release|Any CPU
		{40F7B4ED-F844-4883-BDF9-66E77982AE4C}.Release|Any CPU.Build.0 = Release|Any CPU
		{BB4CD029-0E97-437D-BB60-20433DC494D1}.Debug|Any CPU.ActiveCfg = Debug|Any CPU
		{BB4CD029-0E97-437D-BB60-20433DC494D1}.Debug|Any CPU.Build.0 = Debug|Any CPU
		{BB4CD029-0E97-437D-BB60-20433DC494D1}.Release|Any CPU.ActiveCfg = Release|Any CPU
		{BB4CD029-0E97-437D-BB60-20433DC494D1}.Release|Any CPU.Build.0 = Release|Any CPU
		{CABD548E-1C7E-4A8D-A320-CE79CF3D8BCB}.Debug|Any CPU.ActiveCfg = Debug|Any CPU
		{CABD548E-1C7E-4A8D-A320-CE79CF3D8BCB}.Debug|Any CPU.Build.0 = Debug|Any CPU
		{CABD548E-1C7E-4A8D-A320-CE79CF3D8BCB}.Release|Any CPU.ActiveCfg = Release|Any CPU
		{CABD548E-1C7E-4A8D-A320-CE79CF3D8BCB}.Release|Any CPU.Build.0 = Release|Any CPU
		{B840988C-3C20-4906-9CDA-37A1CADE6D01}.Debug|Any CPU.ActiveCfg = Debug|Any CPU
		{B840988C-3C20-4906-9CDA-37A1CADE6D01}.Debug|Any CPU.Build.0 = Debug|Any CPU
		{B840988C-3C20-4906-9CDA-37A1CADE6D01}.Release|Any CPU.ActiveCfg = Release|Any CPU
		{B840988C-3C20-4906-9CDA-37A1CADE6D01}.Release|Any CPU.Build.0 = Release|Any CPU
		{E47B8D46-BCE3-44E6-BD96-B14F3736D97C}.Debug|Any CPU.ActiveCfg = Debug|Any CPU
		{E47B8D46-BCE3-44E6-BD96-B14F3736D97C}.Debug|Any CPU.Build.0 = Debug|Any CPU
		{E47B8D46-BCE3-44E6-BD96-B14F3736D97C}.Release|Any CPU.ActiveCfg = Release|Any CPU
		{E47B8D46-BCE3-44E6-BD96-B14F3736D97C}.Release|Any CPU.Build.0 = Release|Any CPU
		{55947228-1ACF-400A-B7D7-258BE642152B}.Debug|Any CPU.ActiveCfg = Debug|Any CPU
		{55947228-1ACF-400A-B7D7-258BE642152B}.Debug|Any CPU.Build.0 = Debug|Any CPU
		{55947228-1ACF-400A-B7D7-258BE642152B}.Release|Any CPU.ActiveCfg = Release|Any CPU
		{55947228-1ACF-400A-B7D7-258BE642152B}.Release|Any CPU.Build.0 = Release|Any CPU
		{C6A1BCA7-3FF2-4E16-ABC0-7BABE48FFDDB}.Debug|Any CPU.ActiveCfg = Debug|Any CPU
		{C6A1BCA7-3FF2-4E16-ABC0-7BABE48FFDDB}.Debug|Any CPU.Build.0 = Debug|Any CPU
		{C6A1BCA7-3FF2-4E16-ABC0-7BABE48FFDDB}.Release|Any CPU.ActiveCfg = Release|Any CPU
		{C6A1BCA7-3FF2-4E16-ABC0-7BABE48FFDDB}.Release|Any CPU.Build.0 = Release|Any CPU
		{0BD0C94E-423C-48BE-B616-19EAE0DE28E6}.Debug|Any CPU.ActiveCfg = Debug|Any CPU
		{0BD0C94E-423C-48BE-B616-19EAE0DE28E6}.Debug|Any CPU.Build.0 = Debug|Any CPU
		{0BD0C94E-423C-48BE-B616-19EAE0DE28E6}.Release|Any CPU.ActiveCfg = Release|Any CPU
		{0BD0C94E-423C-48BE-B616-19EAE0DE28E6}.Release|Any CPU.Build.0 = Release|Any CPU
		{8D870A67-3F67-4F7D-8889-E18B1959DF76}.Debug|Any CPU.ActiveCfg = Debug|Any CPU
		{8D870A67-3F67-4F7D-8889-E18B1959DF76}.Debug|Any CPU.Build.0 = Debug|Any CPU
		{8D870A67-3F67-4F7D-8889-E18B1959DF76}.Release|Any CPU.ActiveCfg = Release|Any CPU
		{8D870A67-3F67-4F7D-8889-E18B1959DF76}.Release|Any CPU.Build.0 = Release|Any CPU
		{7016B4F9-2BB7-4D86-8B92-D4F2A3CC37F8}.Debug|Any CPU.ActiveCfg = Debug|Any CPU
		{7016B4F9-2BB7-4D86-8B92-D4F2A3CC37F8}.Debug|Any CPU.Build.0 = Debug|Any CPU
		{7016B4F9-2BB7-4D86-8B92-D4F2A3CC37F8}.Release|Any CPU.ActiveCfg = Release|Any CPU
		{7016B4F9-2BB7-4D86-8B92-D4F2A3CC37F8}.Release|Any CPU.Build.0 = Release|Any CPU
		{F112A50A-C1F1-4F72-A263-BE3770877B26}.Debug|Any CPU.ActiveCfg = Debug|Any CPU
		{F112A50A-C1F1-4F72-A263-BE3770877B26}.Debug|Any CPU.Build.0 = Debug|Any CPU
		{F112A50A-C1F1-4F72-A263-BE3770877B26}.Release|Any CPU.ActiveCfg = Release|Any CPU
		{F112A50A-C1F1-4F72-A263-BE3770877B26}.Release|Any CPU.Build.0 = Release|Any CPU
		{38CE8579-396C-4547-A7F7-F3A75452262C}.Debug|Any CPU.ActiveCfg = Debug|Any CPU
		{38CE8579-396C-4547-A7F7-F3A75452262C}.Debug|Any CPU.Build.0 = Debug|Any CPU
		{38CE8579-396C-4547-A7F7-F3A75452262C}.Release|Any CPU.ActiveCfg = Release|Any CPU
		{38CE8579-396C-4547-A7F7-F3A75452262C}.Release|Any CPU.Build.0 = Release|Any CPU
		{4890437C-9440-4136-8218-C5F9FC3CF3C7}.Debug|Any CPU.ActiveCfg = Debug|Any CPU
		{4890437C-9440-4136-8218-C5F9FC3CF3C7}.Debug|Any CPU.Build.0 = Debug|Any CPU
		{4890437C-9440-4136-8218-C5F9FC3CF3C7}.Release|Any CPU.ActiveCfg = Release|Any CPU
		{4890437C-9440-4136-8218-C5F9FC3CF3C7}.Release|Any CPU.Build.0 = Release|Any CPU
		{689936AD-4D91-4B37-ACB4-DE44ECD5AF33}.Debug|Any CPU.ActiveCfg = Debug|Any CPU
		{689936AD-4D91-4B37-ACB4-DE44ECD5AF33}.Debug|Any CPU.Build.0 = Debug|Any CPU
		{689936AD-4D91-4B37-ACB4-DE44ECD5AF33}.Release|Any CPU.ActiveCfg = Release|Any CPU
		{689936AD-4D91-4B37-ACB4-DE44ECD5AF33}.Release|Any CPU.Build.0 = Release|Any CPU
	EndGlobalSection
	GlobalSection(SolutionProperties) = preSolution
		HideSolutionNode = FALSE
	EndGlobalSection
	GlobalSection(NestedProjects) = preSolution
		{BB4CD029-0E97-437D-BB60-20433DC494D1} = {4ABF8217-79DD-4807-9038-02F906595394}
		{B840988C-3C20-4906-9CDA-37A1CADE6D01} = {4ABF8217-79DD-4807-9038-02F906595394}
		{E47B8D46-BCE3-44E6-BD96-B14F3736D97C} = {4ABF8217-79DD-4807-9038-02F906595394}
		{55947228-1ACF-400A-B7D7-258BE642152B} = {4ABF8217-79DD-4807-9038-02F906595394}
		{CABD548E-1C7E-4A8D-A320-CE79CF3D8BCB} = {39477DDC-59AF-4620-B43F-908A02DC5184}
		{7D71EA54-98C5-464C-884D-FFA96CD0BC06} = {8B6BD57A-9254-4D9E-8539-263527D871DD}
		{8D870A67-3F67-4F7D-8889-E18B1959DF76} = {8B6BD57A-9254-4D9E-8539-263527D871DD}
		{7016B4F9-2BB7-4D86-8B92-D4F2A3CC37F8} = {8B6BD57A-9254-4D9E-8539-263527D871DD}
		{F112A50A-C1F1-4F72-A263-BE3770877B26} = {8B6BD57A-9254-4D9E-8539-263527D871DD}
		{38CE8579-396C-4547-A7F7-F3A75452262C} = {8B6BD57A-9254-4D9E-8539-263527D871DD}
		{4890437C-9440-4136-8218-C5F9FC3CF3C7} = {8B6BD57A-9254-4D9E-8539-263527D871DD}
		{689936AD-4D91-4B37-ACB4-DE44ECD5AF33} = {8B6BD57A-9254-4D9E-8539-263527D871DD}
	EndGlobalSection
EndGlobal
